
Microsoft Visual Studio Solution File, Format Version 12.00
# Visual Studio Version 16
VisualStudioVersion = 16.0.30309.148
MinimumVisualStudioVersion = 10.0.40219.1
Project("{FAE04EC0-301F-11D3-BF4B-00C04F79EFBC}") = "console.lab10_4", "console.lab10_4\console.lab10_4.csproj", "{F85F64C9-15E4-492E-A57B-9556DDDCAD86}"
EndProject
Global
	GlobalSection(SolutionConfigurationPlatforms) = preSolution
		Debug|Any CPU = Debug|Any CPU
		Release|Any CPU = Release|Any CPU
	EndGlobalSection
	GlobalSection(ProjectConfigurationPlatforms) = postSolution
		{F85F64C9-15E4-492E-A57B-9556DDDCAD86}.Debug|Any CPU.ActiveCfg = Debug|Any CPU
		{F85F64C9-15E4-492E-A57B-9556DDDCAD86}.Debug|Any CPU.Build.0 = Debug|Any CPU
		{F85F64C9-15E4-492E-A57B-9556DDDCAD86}.Release|Any CPU.ActiveCfg = Release|Any CPU
		{F85F64C9-15E4-492E-A57B-9556DDDCAD86}.Release|Any CPU.Build.0 = Release|Any CPU
	EndGlobalSection
	GlobalSection(SolutionProperties) = preSolution
		HideSolutionNode = FALSE
	EndGlobalSection
	GlobalSection(ExtensibilityGlobals) = postSolution
		SolutionGuid = {A54D1A2F-83F7-46B4-9F1A-31B491F4406D}
	EndGlobalSection
EndGlobal
