
Microsoft Visual Studio Solution File, Format Version 12.00
# Visual Studio Version 16
VisualStudioVersion = 16.0.30204.135
MinimumVisualStudioVersion = 10.0.40219.1
Project("{FAE04EC0-301F-11D3-BF4B-00C04F79EFBC}") = "Lab3_4", "Lab3_4\Lab3_4.csproj", "{33673F5A-233F-4530-B5D5-71750D2D4A54}"
EndProject
Global
	GlobalSection(SolutionConfigurationPlatforms) = preSolution
		Debug|Any CPU = Debug|Any CPU
		Release|Any CPU = Release|Any CPU
	EndGlobalSection
	GlobalSection(ProjectConfigurationPlatforms) = postSolution
		{33673F5A-233F-4530-B5D5-71750D2D4A54}.Debug|Any CPU.ActiveCfg = Debug|Any CPU
		{33673F5A-233F-4530-B5D5-71750D2D4A54}.Debug|Any CPU.Build.0 = Debug|Any CPU
		{33673F5A-233F-4530-B5D5-71750D2D4A54}.Release|Any CPU.ActiveCfg = Release|Any CPU
		{33673F5A-233F-4530-B5D5-71750D2D4A54}.Release|Any CPU.Build.0 = Release|Any CPU
	EndGlobalSection
	GlobalSection(SolutionProperties) = preSolution
		HideSolutionNode = FALSE
	EndGlobalSection
	GlobalSection(ExtensibilityGlobals) = postSolution
		SolutionGuid = {B2A35FFA-905F-4740-A5BE-0A5D15C16353}
	EndGlobalSection
EndGlobal
