
Microsoft Visual Studio Solution File, Format Version 12.00
# Visual Studio Version 16
VisualStudioVersion = 16.0.30309.148
MinimumVisualStudioVersion = 10.0.40219.1
Project("{FAE04EC0-301F-11D3-BF4B-00C04F79EFBC}") = "lab4_4", "lab4_4\lab4_4.csproj", "{ABE21AF1-E3B1-49C4-AC18-75B2384DABED}"
EndProject
Global
	GlobalSection(SolutionConfigurationPlatforms) = preSolution
		Debug|Any CPU = Debug|Any CPU
		Release|Any CPU = Release|Any CPU
	EndGlobalSection
	GlobalSection(ProjectConfigurationPlatforms) = postSolution
		{ABE21AF1-E3B1-49C4-AC18-75B2384DABED}.Debug|Any CPU.ActiveCfg = Debug|Any CPU
		{ABE21AF1-E3B1-49C4-AC18-75B2384DABED}.Debug|Any CPU.Build.0 = Debug|Any CPU
		{ABE21AF1-E3B1-49C4-AC18-75B2384DABED}.Release|Any CPU.ActiveCfg = Release|Any CPU
		{ABE21AF1-E3B1-49C4-AC18-75B2384DABED}.Release|Any CPU.Build.0 = Release|Any CPU
	EndGlobalSection
	GlobalSection(SolutionProperties) = preSolution
		HideSolutionNode = FALSE
	EndGlobalSection
	GlobalSection(ExtensibilityGlobals) = postSolution
		SolutionGuid = {C626CF4E-9289-4EFA-B8D5-65B667ECACB7}
	EndGlobalSection
EndGlobal
