
Microsoft Visual Studio Solution File, Format Version 12.00
# Visual Studio Version 16
VisualStudioVersion = 16.0.30204.135
MinimumVisualStudioVersion = 10.0.40219.1
Project("{FAE04EC0-301F-11D3-BF4B-00C04F79EFBC}") = "Lab5_6", "Lab5_6\Lab5_6.csproj", "{09B8CC87-08E4-45C7-920E-FE8564FCACC4}"
EndProject
Global
	GlobalSection(SolutionConfigurationPlatforms) = preSolution
		Debug|Any CPU = Debug|Any CPU
		Release|Any CPU = Release|Any CPU
	EndGlobalSection
	GlobalSection(ProjectConfigurationPlatforms) = postSolution
		{09B8CC87-08E4-45C7-920E-FE8564FCACC4}.Debug|Any CPU.ActiveCfg = Debug|Any CPU
		{09B8CC87-08E4-45C7-920E-FE8564FCACC4}.Debug|Any CPU.Build.0 = Debug|Any CPU
		{09B8CC87-08E4-45C7-920E-FE8564FCACC4}.Release|Any CPU.ActiveCfg = Release|Any CPU
		{09B8CC87-08E4-45C7-920E-FE8564FCACC4}.Release|Any CPU.Build.0 = Release|Any CPU
	EndGlobalSection
	GlobalSection(SolutionProperties) = preSolution
		HideSolutionNode = FALSE
	EndGlobalSection
	GlobalSection(ExtensibilityGlobals) = postSolution
		SolutionGuid = {DFAFA135-ABD4-4C75-8525-B3BE6B9F075E}
	EndGlobalSection
EndGlobal
