
Microsoft Visual Studio Solution File, Format Version 12.00
# Visual Studio Version 16
VisualStudioVersion = 16.0.30204.135
MinimumVisualStudioVersion = 10.0.40219.1
Project("{FAE04EC0-301F-11D3-BF4B-00C04F79EFBC}") = "lab8_5", "lab8_5\lab8_5.csproj", "{A642D982-D4A7-4842-9491-A6C7FFD89B83}"
EndProject
Global
	GlobalSection(SolutionConfigurationPlatforms) = preSolution
		Debug|Any CPU = Debug|Any CPU
		Release|Any CPU = Release|Any CPU
	EndGlobalSection
	GlobalSection(ProjectConfigurationPlatforms) = postSolution
		{A642D982-D4A7-4842-9491-A6C7FFD89B83}.Debug|Any CPU.ActiveCfg = Debug|Any CPU
		{A642D982-D4A7-4842-9491-A6C7FFD89B83}.Debug|Any CPU.Build.0 = Debug|Any CPU
		{A642D982-D4A7-4842-9491-A6C7FFD89B83}.Release|Any CPU.ActiveCfg = Release|Any CPU
		{A642D982-D4A7-4842-9491-A6C7FFD89B83}.Release|Any CPU.Build.0 = Release|Any CPU
	EndGlobalSection
	GlobalSection(SolutionProperties) = preSolution
		HideSolutionNode = FALSE
	EndGlobalSection
	GlobalSection(ExtensibilityGlobals) = postSolution
		SolutionGuid = {72E88CD5-73B9-4945-9DA5-4F9FE7A64198}
	EndGlobalSection
EndGlobal
